// !$*UTF8*$!
{
	archiveVersion = 1;
	classes = {
	};
	objectVersion = 63;
	objects = {

/* Begin PBXBuildFile section */
		832074692DBAF5AB00437B35 /* spot.usdz in Resources */ = {isa = PBXBuildFile; fileRef = 832074672DBAF5A900437B35 /* spot.usdz */; };
		835D25742DB9B61A003E3FFD /* Assets.xcassets in Resources */ = {isa = PBXBuildFile; fileRef = 835D25702DB9B61A003E3FFD /* Assets.xcassets */; };
		835D25752DB9B61A003E3FFD /* HelloTriangleApp.swift in Sources */ = {isa = PBXBuildFile; fileRef = 835D25712DB9B61A003E3FFD /* HelloTriangleApp.swift */; };
		835D25762DB9B61A003E3FFD /* Shaders.metal in Sources */ = {isa = PBXBuildFile; fileRef = 835D25722DB9B61A003E3FFD /* Shaders.metal */; };
		835D257A2DB9B61A003E3FFD /* MetalView.swift in Sources */ = {isa = PBXBuildFile; fileRef = 835D25772DB9B61A003E3FFD /* MetalView.swift */; };
		835D257B2DB9B61A003E3FFD /* MetalView.swift in Sources */ = {isa = PBXBuildFile; fileRef = 835D25772DB9B61A003E3FFD /* MetalView.swift */; };
		835D257C2DB9B61A003E3FFD /* ModelIO+Extensions.swift in Sources */ = {isa = PBXBuildFile; fileRef = 835D25782DB9B61A003E3FFD /* ModelIO+Extensions.swift */; };
		835D257D2DB9B61A003E3FFD /* MetalView.swift in Sources */ = {isa = PBXBuildFile; fileRef = 835D25772DB9B61A003E3FFD /* MetalView.swift */; };
		835D25812DB9B61A003E3FFD /* Assets.xcassets in Resources */ = {isa = PBXBuildFile; fileRef = 835D257E2DB9B61A003E3FFD /* Assets.xcassets */; };
		835D25822DB9B61A003E3FFD /* ClearScreenApp.swift in Sources */ = {isa = PBXBuildFile; fileRef = 835D257F2DB9B61A003E3FFD /* ClearScreenApp.swift */; };
		835D25942DB9B61A003E3FFD /* Assets.xcassets in Resources */ = {isa = PBXBuildFile; fileRef = 835D25892DB9B61A003E3FFD /* Assets.xcassets */; };
		835D25962DB9B61A003E3FFD /* BasicModel.swift in Sources */ = {isa = PBXBuildFile; fileRef = 835D258A2DB9B61A003E3FFD /* BasicModel.swift */; };
		835D25972DB9B61A003E3FFD /* Hello3DApp.swift in Sources */ = {isa = PBXBuildFile; fileRef = 835D258C2DB9B61A003E3FFD /* Hello3DApp.swift */; };
		835D25982DB9B61A003E3FFD /* Shaders.metal in Sources */ = {isa = PBXBuildFile; fileRef = 835D258D2DB9B61A003E3FFD /* Shaders.metal */; };
		839127252DDBC847004FB417 /* Assets.xcassets in Resources */ = {isa = PBXBuildFile; fileRef = 839127202DDBC847004FB417 /* Assets.xcassets */; };
		839127272DDBC847004FB417 /* LightingApp.swift in Sources */ = {isa = PBXBuildFile; fileRef = 839127232DDBC847004FB417 /* LightingApp.swift */; };
		839127292DDBC8B0004FB417 /* Model.swift in Sources */ = {isa = PBXBuildFile; fileRef = 839127282DDBC8AD004FB417 /* Model.swift */; };
		8391272A2DDBC908004FB417 /* MetalView.swift in Sources */ = {isa = PBXBuildFile; fileRef = 835D25772DB9B61A003E3FFD /* MetalView.swift */; };
		8391272B2DDBC908004FB417 /* ModelIO+Extensions.swift in Sources */ = {isa = PBXBuildFile; fileRef = 835D25782DB9B61A003E3FFD /* ModelIO+Extensions.swift */; };
		8391272D2DDBC969004FB417 /* ModelEntity.swift in Sources */ = {isa = PBXBuildFile; fileRef = 8391272C2DDBC967004FB417 /* ModelEntity.swift */; };
		8391272F2DDBCBBB004FB417 /* Shaders.metal in Sources */ = {isa = PBXBuildFile; fileRef = 8391272E2DDBCBBB004FB417 /* Shaders.metal */; };
		839127342DDBCEFF004FB417 /* spot.usdz in Resources */ = {isa = PBXBuildFile; fileRef = 832074672DBAF5A900437B35 /* spot.usdz */; };
/* End PBXBuildFile section */

/* Begin PBXFileReference section */
		832074672DBAF5A900437B35 /* spot.usdz */ = {isa = PBXFileReference; lastKnownFileType = file; path = spot.usdz; sourceTree = "<group>"; };
		833BCA822DB7601800CFC0F3 /* Hello3D.app */ = {isa = PBXFileReference; explicitFileType = wrapper.application; includeInIndex = 0; path = Hello3D.app; sourceTree = BUILT_PRODUCTS_DIR; };
		835D25702DB9B61A003E3FFD /* Assets.xcassets */ = {isa = PBXFileReference; lastKnownFileType = folder.assetcatalog; path = Assets.xcassets; sourceTree = "<group>"; };
		835D25712DB9B61A003E3FFD /* HelloTriangleApp.swift */ = {isa = PBXFileReference; lastKnownFileType = sourcecode.swift; path = HelloTriangleApp.swift; sourceTree = "<group>"; };
		835D25722DB9B61A003E3FFD /* Shaders.metal */ = {isa = PBXFileReference; lastKnownFileType = sourcecode.metal; path = Shaders.metal; sourceTree = "<group>"; };
		835D25772DB9B61A003E3FFD /* MetalView.swift */ = {isa = PBXFileReference; lastKnownFileType = sourcecode.swift; path = MetalView.swift; sourceTree = "<group>"; };
		835D25782DB9B61A003E3FFD /* ModelIO+Extensions.swift */ = {isa = PBXFileReference; lastKnownFileType = sourcecode.swift; path = "ModelIO+Extensions.swift"; sourceTree = "<group>"; };
		835D257E2DB9B61A003E3FFD /* Assets.xcassets */ = {isa = PBXFileReference; lastKnownFileType = folder.assetcatalog; path = Assets.xcassets; sourceTree = "<group>"; };
		835D257F2DB9B61A003E3FFD /* ClearScreenApp.swift */ = {isa = PBXFileReference; lastKnownFileType = sourcecode.swift; path = ClearScreenApp.swift; sourceTree = "<group>"; };
		835D25892DB9B61A003E3FFD /* Assets.xcassets */ = {isa = PBXFileReference; lastKnownFileType = folder.assetcatalog; path = Assets.xcassets; sourceTree = "<group>"; };
		835D258A2DB9B61A003E3FFD /* BasicModel.swift */ = {isa = PBXFileReference; lastKnownFileType = sourcecode.swift; path = BasicModel.swift; sourceTree = "<group>"; };
		835D258C2DB9B61A003E3FFD /* Hello3DApp.swift */ = {isa = PBXFileReference; lastKnownFileType = sourcecode.swift; path = Hello3DApp.swift; sourceTree = "<group>"; };
		835D258D2DB9B61A003E3FFD /* Shaders.metal */ = {isa = PBXFileReference; lastKnownFileType = sourcecode.metal; path = Shaders.metal; sourceTree = "<group>"; };
		839127142DDBC840004FB417 /* Lighting.app */ = {isa = PBXFileReference; explicitFileType = wrapper.application; includeInIndex = 0; path = Lighting.app; sourceTree = BUILT_PRODUCTS_DIR; };
		839127202DDBC847004FB417 /* Assets.xcassets */ = {isa = PBXFileReference; lastKnownFileType = folder.assetcatalog; path = Assets.xcassets; sourceTree = "<group>"; };
		839127232DDBC847004FB417 /* LightingApp.swift */ = {isa = PBXFileReference; lastKnownFileType = sourcecode.swift; path = LightingApp.swift; sourceTree = "<group>"; };
		839127282DDBC8AD004FB417 /* Model.swift */ = {isa = PBXFileReference; lastKnownFileType = sourcecode.swift; path = Model.swift; sourceTree = "<group>"; };
		8391272C2DDBC967004FB417 /* ModelEntity.swift */ = {isa = PBXFileReference; lastKnownFileType = sourcecode.swift; path = ModelEntity.swift; sourceTree = "<group>"; };
		8391272E2DDBCBBB004FB417 /* Shaders.metal */ = {isa = PBXFileReference; lastKnownFileType = sourcecode.metal; path = Shaders.metal; sourceTree = "<group>"; };
		839127302DDBCC90004FB417 /* ShaderStructures.h */ = {isa = PBXFileReference; lastKnownFileType = sourcecode.c.h; path = ShaderStructures.h; sourceTree = "<group>"; };
		839127312DDBCEAB004FB417 /* Bridging.h */ = {isa = PBXFileReference; lastKnownFileType = sourcecode.c.h; path = Bridging.h; sourceTree = "<group>"; };
		83BFDED22DB6C0EA00968619 /* ClearScreen.app */ = {isa = PBXFileReference; explicitFileType = wrapper.application; includeInIndex = 0; path = ClearScreen.app; sourceTree = BUILT_PRODUCTS_DIR; };
		83BFDEE22DB6C51200968619 /* HelloTriangle.app */ = {isa = PBXFileReference; explicitFileType = wrapper.application; includeInIndex = 0; path = HelloTriangle.app; sourceTree = BUILT_PRODUCTS_DIR; };
/* End PBXFileReference section */

/* Begin PBXFrameworksBuildPhase section */
		833BCA7F2DB7601800CFC0F3 /* Frameworks */ = {
			isa = PBXFrameworksBuildPhase;
			buildActionMask = 2147483647;
			files = (
			);
			runOnlyForDeploymentPostprocessing = 0;
		};
		839127112DDBC840004FB417 /* Frameworks */ = {
			isa = PBXFrameworksBuildPhase;
			buildActionMask = 2147483647;
			files = (
			);
			runOnlyForDeploymentPostprocessing = 0;
		};
		83BFDECF2DB6C0EA00968619 /* Frameworks */ = {
			isa = PBXFrameworksBuildPhase;
			buildActionMask = 2147483647;
			files = (
			);
			runOnlyForDeploymentPostprocessing = 0;
		};
		83BFDEDF2DB6C51200968619 /* Frameworks */ = {
			isa = PBXFrameworksBuildPhase;
			buildActionMask = 2147483647;
			files = (
			);
			runOnlyForDeploymentPostprocessing = 0;
		};
/* End PBXFrameworksBuildPhase section */

/* Begin PBXGroup section */
		835D25732DB9B61A003E3FFD /* HelloTriangle */ = {
			isa = PBXGroup;
			children = (
				835D25702DB9B61A003E3FFD /* Assets.xcassets */,
				835D25712DB9B61A003E3FFD /* HelloTriangleApp.swift */,
				835D25722DB9B61A003E3FFD /* Shaders.metal */,
			);
			path = HelloTriangle;
			sourceTree = "<group>";
		};
		835D25792DB9B61A003E3FFD /* Shared */ = {
			isa = PBXGroup;
			children = (
				839127322DDBCEDE004FB417 /* Source */,
				839127332DDBCEE3004FB417 /* Resources */,
			);
			path = Shared;
			sourceTree = "<group>";
		};
		835D25802DB9B61A003E3FFD /* ClearScreen */ = {
			isa = PBXGroup;
			children = (
				835D257E2DB9B61A003E3FFD /* Assets.xcassets */,
				835D257F2DB9B61A003E3FFD /* ClearScreenApp.swift */,
			);
			path = ClearScreen;
			sourceTree = "<group>";
		};
		835D258E2DB9B61A003E3FFD /* Hello3D */ = {
			isa = PBXGroup;
			children = (
				835D25892DB9B61A003E3FFD /* Assets.xcassets */,
				835D258A2DB9B61A003E3FFD /* BasicModel.swift */,
				835D258C2DB9B61A003E3FFD /* Hello3DApp.swift */,
				835D258D2DB9B61A003E3FFD /* Shaders.metal */,
			);
			path = Hello3D;
			sourceTree = "<group>";
		};
		839127242DDBC847004FB417 /* Lighting */ = {
			isa = PBXGroup;
			children = (
				839127282DDBC8AD004FB417 /* Model.swift */,
				8391272C2DDBC967004FB417 /* ModelEntity.swift */,
				839127232DDBC847004FB417 /* LightingApp.swift */,
				8391272E2DDBCBBB004FB417 /* Shaders.metal */,
				839127302DDBCC90004FB417 /* ShaderStructures.h */,
				839127312DDBCEAB004FB417 /* Bridging.h */,
				839127202DDBC847004FB417 /* Assets.xcassets */,
			);
			path = Lighting;
			sourceTree = "<group>";
		};
		839127322DDBCEDE004FB417 /* Source */ = {
			isa = PBXGroup;
			children = (
				835D25772DB9B61A003E3FFD /* MetalView.swift */,
				835D25782DB9B61A003E3FFD /* ModelIO+Extensions.swift */,
			);
			path = Source;
			sourceTree = "<group>";
		};
		839127332DDBCEE3004FB417 /* Resources */ = {
			isa = PBXGroup;
			children = (
				832074672DBAF5A900437B35 /* spot.usdz */,
			);
			path = Resources;
			sourceTree = "<group>";
		};
		83BFDEB62DB6C0CB00968619 = {
			isa = PBXGroup;
			children = (
				835D25792DB9B61A003E3FFD /* Shared */,
				835D25802DB9B61A003E3FFD /* ClearScreen */,
				835D25732DB9B61A003E3FFD /* HelloTriangle */,
				835D258E2DB9B61A003E3FFD /* Hello3D */,
				839127242DDBC847004FB417 /* Lighting */,
				83BFDEC02DB6C0CB00968619 /* Products */,
			);
			sourceTree = "<group>";
		};
		83BFDEC02DB6C0CB00968619 /* Products */ = {
			isa = PBXGroup;
			children = (
				83BFDED22DB6C0EA00968619 /* ClearScreen.app */,
				83BFDEE22DB6C51200968619 /* HelloTriangle.app */,
				833BCA822DB7601800CFC0F3 /* Hello3D.app */,
				839127142DDBC840004FB417 /* Lighting.app */,
			);
			name = Products;
			sourceTree = "<group>";
		};
/* End PBXGroup section */

/* Begin PBXNativeTarget section */
		833BCA812DB7601800CFC0F3 /* Hello3D */ = {
			isa = PBXNativeTarget;
			buildConfigurationList = 833BCA8B2DB7601A00CFC0F3 /* Build configuration list for PBXNativeTarget "Hello3D" */;
			buildPhases = (
				833BCA7E2DB7601800CFC0F3 /* Sources */,
				833BCA7F2DB7601800CFC0F3 /* Frameworks */,
				833BCA802DB7601800CFC0F3 /* Resources */,
			);
			buildRules = (
			);
			dependencies = (
			);
			name = Hello3D;
			packageProductDependencies = (
			);
			productName = Hello3D;
			productReference = 833BCA822DB7601800CFC0F3 /* Hello3D.app */;
			productType = "com.apple.product-type.application";
		};
		839127132DDBC840004FB417 /* Lighting */ = {
			isa = PBXNativeTarget;
			buildConfigurationList = 8391271F2DDBC842004FB417 /* Build configuration list for PBXNativeTarget "Lighting" */;
			buildPhases = (
				839127102DDBC840004FB417 /* Sources */,
				839127112DDBC840004FB417 /* Frameworks */,
				839127122DDBC840004FB417 /* Resources */,
			);
			buildRules = (
			);
			dependencies = (
			);
			name = Lighting;
			packageProductDependencies = (
			);
			productName = Lighting;
			productReference = 839127142DDBC840004FB417 /* Lighting.app */;
			productType = "com.apple.product-type.application";
		};
		83BFDED12DB6C0EA00968619 /* ClearScreen */ = {
			isa = PBXNativeTarget;
			buildConfigurationList = 83BFDEDB2DB6C0EB00968619 /* Build configuration list for PBXNativeTarget "ClearScreen" */;
			buildPhases = (
				83BFDECE2DB6C0EA00968619 /* Sources */,
				83BFDECF2DB6C0EA00968619 /* Frameworks */,
				83BFDED02DB6C0EA00968619 /* Resources */,
			);
			buildRules = (
			);
			dependencies = (
			);
			name = ClearScreen;
			packageProductDependencies = (
			);
			productName = Demo1;
			productReference = 83BFDED22DB6C0EA00968619 /* ClearScreen.app */;
			productType = "com.apple.product-type.application";
		};
		83BFDEE12DB6C51200968619 /* HelloTriangle */ = {
			isa = PBXNativeTarget;
			buildConfigurationList = 83BFDEEB2DB6C51300968619 /* Build configuration list for PBXNativeTarget "HelloTriangle" */;
			buildPhases = (
				83BFDEDE2DB6C51200968619 /* Sources */,
				83BFDEDF2DB6C51200968619 /* Frameworks */,
				83BFDEE02DB6C51200968619 /* Resources */,
			);
			buildRules = (
			);
			dependencies = (
			);
			name = HelloTriangle;
			packageProductDependencies = (
			);
			productName = HelloTriangle;
			productReference = 83BFDEE22DB6C51200968619 /* HelloTriangle.app */;
			productType = "com.apple.product-type.application";
		};
/* End PBXNativeTarget section */

/* Begin PBXProject section */
		83BFDEB72DB6C0CB00968619 /* Project object */ = {
			isa = PBXProject;
			attributes = {
				BuildIndependentTargetsInParallel = 1;
				LastSwiftUpdateCheck = 1630;
				LastUpgradeCheck = 1640;
				TargetAttributes = {
					833BCA812DB7601800CFC0F3 = {
						CreatedOnToolsVersion = 16.3;
					};
					839127132DDBC840004FB417 = {
						CreatedOnToolsVersion = 16.3;
					};
					83BFDED12DB6C0EA00968619 = {
						CreatedOnToolsVersion = 16.3;
					};
					83BFDEE12DB6C51200968619 = {
						CreatedOnToolsVersion = 16.3;
					};
				};
			};
			buildConfigurationList = 83BFDEBA2DB6C0CB00968619 /* Build configuration list for PBXProject "MetalFundamentals" */;
			compatibilityVersion = "Xcode 13.0";
			developmentRegion = en;
			hasScannedForEncodings = 0;
			knownRegions = (
				en,
				Base,
			);
			mainGroup = 83BFDEB62DB6C0CB00968619;
			minimizedProjectReferenceProxies = 1;
			productRefGroup = 83BFDEC02DB6C0CB00968619 /* Products */;
			projectDirPath = "";
			projectRoot = "";
			targets = (
				83BFDED12DB6C0EA00968619 /* ClearScreen */,
				83BFDEE12DB6C51200968619 /* HelloTriangle */,
				833BCA812DB7601800CFC0F3 /* Hello3D */,
				839127132DDBC840004FB417 /* Lighting */,
			);
		};
/* End PBXProject section */

/* Begin PBXResourcesBuildPhase section */
		833BCA802DB7601800CFC0F3 /* Resources */ = {
			isa = PBXResourcesBuildPhase;
			buildActionMask = 2147483647;
			files = (
				835D25942DB9B61A003E3FFD /* Assets.xcassets in Resources */,
				832074692DBAF5AB00437B35 /* spot.usdz in Resources */,
			);
			runOnlyForDeploymentPostprocessing = 0;
		};
		839127122DDBC840004FB417 /* Resources */ = {
			isa = PBXResourcesBuildPhase;
			buildActionMask = 2147483647;
			files = (
				839127252DDBC847004FB417 /* Assets.xcassets in Resources */,
				839127342DDBCEFF004FB417 /* spot.usdz in Resources */,
			);
			runOnlyForDeploymentPostprocessing = 0;
		};
		83BFDED02DB6C0EA00968619 /* Resources */ = {
			isa = PBXResourcesBuildPhase;
			buildActionMask = 2147483647;
			files = (
				835D25812DB9B61A003E3FFD /* Assets.xcassets in Resources */,
			);
			runOnlyForDeploymentPostprocessing = 0;
		};
		83BFDEE02DB6C51200968619 /* Resources */ = {
			isa = PBXResourcesBuildPhase;
			buildActionMask = 2147483647;
			files = (
				835D25742DB9B61A003E3FFD /* Assets.xcassets in Resources */,
			);
			runOnlyForDeploymentPostprocessing = 0;
		};
/* End PBXResourcesBuildPhase section */

/* Begin PBXSourcesBuildPhase section */
		833BCA7E2DB7601800CFC0F3 /* Sources */ = {
			isa = PBXSourcesBuildPhase;
			buildActionMask = 2147483647;
			files = (
				835D257C2DB9B61A003E3FFD /* ModelIO+Extensions.swift in Sources */,
				835D25962DB9B61A003E3FFD /* BasicModel.swift in Sources */,
				835D25972DB9B61A003E3FFD /* Hello3DApp.swift in Sources */,
				835D25982DB9B61A003E3FFD /* Shaders.metal in Sources */,
				835D257D2DB9B61A003E3FFD /* MetalView.swift in Sources */,
			);
			runOnlyForDeploymentPostprocessing = 0;
		};
		839127102DDBC840004FB417 /* Sources */ = {
			isa = PBXSourcesBuildPhase;
			buildActionMask = 2147483647;
			files = (
				8391272F2DDBCBBB004FB417 /* Shaders.metal in Sources */,
				839127292DDBC8B0004FB417 /* Model.swift in Sources */,
				839127272DDBC847004FB417 /* LightingApp.swift in Sources */,
				8391272A2DDBC908004FB417 /* MetalView.swift in Sources */,
				8391272D2DDBC969004FB417 /* ModelEntity.swift in Sources */,
				8391272B2DDBC908004FB417 /* ModelIO+Extensions.swift in Sources */,
			);
			runOnlyForDeploymentPostprocessing = 0;
		};
		83BFDECE2DB6C0EA00968619 /* Sources */ = {
			isa = PBXSourcesBuildPhase;
			buildActionMask = 2147483647;
			files = (
				835D257A2DB9B61A003E3FFD /* MetalView.swift in Sources */,
				835D25822DB9B61A003E3FFD /* ClearScreenApp.swift in Sources */,
			);
			runOnlyForDeploymentPostprocessing = 0;
		};
		83BFDEDE2DB6C51200968619 /* Sources */ = {
			isa = PBXSourcesBuildPhase;
			buildActionMask = 2147483647;
			files = (
				835D257B2DB9B61A003E3FFD /* MetalView.swift in Sources */,
				835D25752DB9B61A003E3FFD /* HelloTriangleApp.swift in Sources */,
				835D25762DB9B61A003E3FFD /* Shaders.metal in Sources */,
			);
			runOnlyForDeploymentPostprocessing = 0;
		};
/* End PBXSourcesBuildPhase section */

/* Begin XCBuildConfiguration section */
		833BCA8C2DB7601A00CFC0F3 /* Debug */ = {
			isa = XCBuildConfiguration;
			buildSettings = {
				ASSETCATALOG_COMPILER_APPICON_NAME = AppIcon;
				ASSETCATALOG_COMPILER_GLOBAL_ACCENT_COLOR_NAME = AccentColor;
				CODE_SIGN_STYLE = Automatic;
				CURRENT_PROJECT_VERSION = 1;
				DEAD_CODE_STRIPPING = YES;
				DEVELOPMENT_TEAM = RHRJ88BAB5;
				ENABLE_HARDENED_RUNTIME = YES;
				ENABLE_PREVIEWS = YES;
				GENERATE_INFOPLIST_FILE = YES;
				"INFOPLIST_KEY_UIApplicationSceneManifest_Generation[sdk=iphoneos*]" = YES;
				"INFOPLIST_KEY_UIApplicationSceneManifest_Generation[sdk=iphonesimulator*]" = YES;
				"INFOPLIST_KEY_UIApplicationSupportsIndirectInputEvents[sdk=iphoneos*]" = YES;
				"INFOPLIST_KEY_UIApplicationSupportsIndirectInputEvents[sdk=iphonesimulator*]" = YES;
				"INFOPLIST_KEY_UILaunchScreen_Generation[sdk=iphoneos*]" = YES;
				"INFOPLIST_KEY_UILaunchScreen_Generation[sdk=iphonesimulator*]" = YES;
				"INFOPLIST_KEY_UIStatusBarStyle[sdk=iphoneos*]" = UIStatusBarStyleDefault;
				"INFOPLIST_KEY_UIStatusBarStyle[sdk=iphonesimulator*]" = UIStatusBarStyleDefault;
				INFOPLIST_KEY_UISupportedInterfaceOrientations_iPad = "UIInterfaceOrientationPortrait UIInterfaceOrientationPortraitUpsideDown UIInterfaceOrientationLandscapeLeft UIInterfaceOrientationLandscapeRight";
				INFOPLIST_KEY_UISupportedInterfaceOrientations_iPhone = "UIInterfaceOrientationPortrait UIInterfaceOrientationLandscapeLeft UIInterfaceOrientationLandscapeRight";
				LD_RUNPATH_SEARCH_PATHS = "@executable_path/Frameworks";
				"LD_RUNPATH_SEARCH_PATHS[sdk=macosx*]" = "@executable_path/../Frameworks";
				MARKETING_VERSION = 1.0;
				PRODUCT_BUNDLE_IDENTIFIER = com.metalbyexample.Hello3D;
				PRODUCT_NAME = "$(TARGET_NAME)";
				REGISTER_APP_GROUPS = YES;
				SDKROOT = auto;
				SUPPORTED_PLATFORMS = "iphoneos iphonesimulator macosx xros xrsimulator";
				SWIFT_EMIT_LOC_STRINGS = YES;
				TARGETED_DEVICE_FAMILY = "1,2,7";
			};
			name = Debug;
		};
		833BCA8D2DB7601A00CFC0F3 /* Release */ = {
			isa = XCBuildConfiguration;
			buildSettings = {
				ASSETCATALOG_COMPILER_APPICON_NAME = AppIcon;
				ASSETCATALOG_COMPILER_GLOBAL_ACCENT_COLOR_NAME = AccentColor;
				CODE_SIGN_STYLE = Automatic;
				CURRENT_PROJECT_VERSION = 1;
				DEAD_CODE_STRIPPING = YES;
				DEVELOPMENT_TEAM = RHRJ88BAB5;
				ENABLE_HARDENED_RUNTIME = YES;
				ENABLE_PREVIEWS = YES;
				GENERATE_INFOPLIST_FILE = YES;
				"INFOPLIST_KEY_UIApplicationSceneManifest_Generation[sdk=iphoneos*]" = YES;
				"INFOPLIST_KEY_UIApplicationSceneManifest_Generation[sdk=iphonesimulator*]" = YES;
				"INFOPLIST_KEY_UIApplicationSupportsIndirectInputEvents[sdk=iphoneos*]" = YES;
				"INFOPLIST_KEY_UIApplicationSupportsIndirectInputEvents[sdk=iphonesimulator*]" = YES;
				"INFOPLIST_KEY_UILaunchScreen_Generation[sdk=iphoneos*]" = YES;
				"INFOPLIST_KEY_UILaunchScreen_Generation[sdk=iphonesimulator*]" = YES;
				"INFOPLIST_KEY_UIStatusBarStyle[sdk=iphoneos*]" = UIStatusBarStyleDefault;
				"INFOPLIST_KEY_UIStatusBarStyle[sdk=iphonesimulator*]" = UIStatusBarStyleDefault;
				INFOPLIST_KEY_UISupportedInterfaceOrientations_iPad = "UIInterfaceOrientationPortrait UIInterfaceOrientationPortraitUpsideDown UIInterfaceOrientationLandscapeLeft UIInterfaceOrientationLandscapeRight";
				INFOPLIST_KEY_UISupportedInterfaceOrientations_iPhone = "UIInterfaceOrientationPortrait UIInterfaceOrientationLandscapeLeft UIInterfaceOrientationLandscapeRight";
				LD_RUNPATH_SEARCH_PATHS = "@executable_path/Frameworks";
				"LD_RUNPATH_SEARCH_PATHS[sdk=macosx*]" = "@executable_path/../Frameworks";
				MARKETING_VERSION = 1.0;
				PRODUCT_BUNDLE_IDENTIFIER = com.metalbyexample.Hello3D;
				PRODUCT_NAME = "$(TARGET_NAME)";
				REGISTER_APP_GROUPS = YES;
				SDKROOT = auto;
				SUPPORTED_PLATFORMS = "iphoneos iphonesimulator macosx xros xrsimulator";
				SWIFT_EMIT_LOC_STRINGS = YES;
				TARGETED_DEVICE_FAMILY = "1,2,7";
			};
			name = Release;
		};
		8391271D2DDBC842004FB417 /* Debug */ = {
			isa = XCBuildConfiguration;
			buildSettings = {
				ASSETCATALOG_COMPILER_APPICON_NAME = AppIcon;
				ASSETCATALOG_COMPILER_GLOBAL_ACCENT_COLOR_NAME = AccentColor;
				CODE_SIGN_STYLE = Automatic;
				CURRENT_PROJECT_VERSION = 1;
				DEAD_CODE_STRIPPING = YES;
				DEVELOPMENT_TEAM = RHRJ88BAB5;
				ENABLE_HARDENED_RUNTIME = NO;
				ENABLE_PREVIEWS = YES;
				GENERATE_INFOPLIST_FILE = YES;
				"INFOPLIST_KEY_UIApplicationSceneManifest_Generation[sdk=iphoneos*]" = YES;
				"INFOPLIST_KEY_UIApplicationSceneManifest_Generation[sdk=iphonesimulator*]" = YES;
				"INFOPLIST_KEY_UIApplicationSupportsIndirectInputEvents[sdk=iphoneos*]" = YES;
				"INFOPLIST_KEY_UIApplicationSupportsIndirectInputEvents[sdk=iphonesimulator*]" = YES;
				"INFOPLIST_KEY_UILaunchScreen_Generation[sdk=iphoneos*]" = YES;
				"INFOPLIST_KEY_UILaunchScreen_Generation[sdk=iphonesimulator*]" = YES;
				"INFOPLIST_KEY_UIStatusBarStyle[sdk=iphoneos*]" = UIStatusBarStyleDefault;
				"INFOPLIST_KEY_UIStatusBarStyle[sdk=iphonesimulator*]" = UIStatusBarStyleDefault;
				INFOPLIST_KEY_UISupportedInterfaceOrientations_iPad = "UIInterfaceOrientationPortrait UIInterfaceOrientationPortraitUpsideDown UIInterfaceOrientationLandscapeLeft UIInterfaceOrientationLandscapeRight";
				INFOPLIST_KEY_UISupportedInterfaceOrientations_iPhone = "UIInterfaceOrientationPortrait UIInterfaceOrientationLandscapeLeft UIInterfaceOrientationLandscapeRight";
				IPHONEOS_DEPLOYMENT_TARGET = 18.4;
				LD_RUNPATH_SEARCH_PATHS = "@executable_path/Frameworks";
				"LD_RUNPATH_SEARCH_PATHS[sdk=macosx*]" = "@executable_path/../Frameworks";
				MACOSX_DEPLOYMENT_TARGET = 15.4;
				MARKETING_VERSION = 1.0;
				PRODUCT_BUNDLE_IDENTIFIER = com.metalbyexample.Lighting;
				PRODUCT_NAME = "$(TARGET_NAME)";
				REGISTER_APP_GROUPS = YES;
				SDKROOT = auto;
				SUPPORTED_PLATFORMS = "iphoneos iphonesimulator macosx xros xrsimulator";
				SWIFT_EMIT_LOC_STRINGS = YES;
				SWIFT_OBJC_BRIDGING_HEADER = Lighting/Bridging.h;
				SWIFT_VERSION = 5.0;
				TARGETED_DEVICE_FAMILY = "1,2,7";
				XROS_DEPLOYMENT_TARGET = 2.4;
			};
			name = Debug;
		};
		8391271E2DDBC842004FB417 /* Release */ = {
			isa = XCBuildConfiguration;
			buildSettings = {
				ASSETCATALOG_COMPILER_APPICON_NAME = AppIcon;
				ASSETCATALOG_COMPILER_GLOBAL_ACCENT_COLOR_NAME = AccentColor;
				CODE_SIGN_STYLE = Automatic;
				CURRENT_PROJECT_VERSION = 1;
				DEAD_CODE_STRIPPING = YES;
				DEVELOPMENT_TEAM = RHRJ88BAB5;
				ENABLE_HARDENED_RUNTIME = NO;
				ENABLE_PREVIEWS = YES;
				GENERATE_INFOPLIST_FILE = YES;
				"INFOPLIST_KEY_UIApplicationSceneManifest_Generation[sdk=iphoneos*]" = YES;
				"INFOPLIST_KEY_UIApplicationSceneManifest_Generation[sdk=iphonesimulator*]" = YES;
				"INFOPLIST_KEY_UIApplicationSupportsIndirectInputEvents[sdk=iphoneos*]" = YES;
				"INFOPLIST_KEY_UIApplicationSupportsIndirectInputEvents[sdk=iphonesimulator*]" = YES;
				"INFOPLIST_KEY_UILaunchScreen_Generation[sdk=iphoneos*]" = YES;
				"INFOPLIST_KEY_UILaunchScreen_Generation[sdk=iphonesimulator*]" = YES;
				"INFOPLIST_KEY_UIStatusBarStyle[sdk=iphoneos*]" = UIStatusBarStyleDefault;
				"INFOPLIST_KEY_UIStatusBarStyle[sdk=iphonesimulator*]" = UIStatusBarStyleDefault;
				INFOPLIST_KEY_UISupportedInterfaceOrientations_iPad = "UIInterfaceOrientationPortrait UIInterfaceOrientationPortraitUpsideDown UIInterfaceOrientationLandscapeLeft UIInterfaceOrientationLandscapeRight";
				INFOPLIST_KEY_UISupportedInterfaceOrientations_iPhone = "UIInterfaceOrientationPortrait UIInterfaceOrientationLandscapeLeft UIInterfaceOrientationLandscapeRight";
				IPHONEOS_DEPLOYMENT_TARGET = 18.4;
				LD_RUNPATH_SEARCH_PATHS = "@executable_path/Frameworks";
				"LD_RUNPATH_SEARCH_PATHS[sdk=macosx*]" = "@executable_path/../Frameworks";
				MACOSX_DEPLOYMENT_TARGET = 15.4;
				MARKETING_VERSION = 1.0;
				PRODUCT_BUNDLE_IDENTIFIER = com.metalbyexample.Lighting;
				PRODUCT_NAME = "$(TARGET_NAME)";
				REGISTER_APP_GROUPS = YES;
				SDKROOT = auto;
				SUPPORTED_PLATFORMS = "iphoneos iphonesimulator macosx xros xrsimulator";
				SWIFT_EMIT_LOC_STRINGS = YES;
				SWIFT_OBJC_BRIDGING_HEADER = Lighting/Bridging.h;
				SWIFT_VERSION = 5.0;
				TARGETED_DEVICE_FAMILY = "1,2,7";
				XROS_DEPLOYMENT_TARGET = 2.4;
			};
			name = Release;
		};
		83BFDEC92DB6C0CC00968619 /* Debug */ = {
			isa = XCBuildConfiguration;
			buildSettings = {
				ALWAYS_SEARCH_USER_PATHS = NO;
				ASSETCATALOG_COMPILER_GENERATE_SWIFT_ASSET_SYMBOL_EXTENSIONS = YES;
				CLANG_ANALYZER_NONNULL = YES;
				CLANG_ANALYZER_NUMBER_OBJECT_CONVERSION = YES_AGGRESSIVE;
				CLANG_CXX_LANGUAGE_STANDARD = "gnu++20";
				CLANG_ENABLE_MODULES = YES;
				CLANG_ENABLE_OBJC_ARC = YES;
				CLANG_ENABLE_OBJC_WEAK = YES;
				CLANG_WARN_BLOCK_CAPTURE_AUTORELEASING = YES;
				CLANG_WARN_BOOL_CONVERSION = YES;
				CLANG_WARN_COMMA = YES;
				CLANG_WARN_CONSTANT_CONVERSION = YES;
				CLANG_WARN_DEPRECATED_OBJC_IMPLEMENTATIONS = YES;
				CLANG_WARN_DIRECT_OBJC_ISA_USAGE = YES_ERROR;
				CLANG_WARN_DOCUMENTATION_COMMENTS = YES;
				CLANG_WARN_EMPTY_BODY = YES;
				CLANG_WARN_ENUM_CONVERSION = YES;
				CLANG_WARN_INFINITE_RECURSION = YES;
				CLANG_WARN_INT_CONVERSION = YES;
				CLANG_WARN_NON_LITERAL_NULL_CONVERSION = YES;
				CLANG_WARN_OBJC_IMPLICIT_RETAIN_SELF = YES;
				CLANG_WARN_OBJC_LITERAL_CONVERSION = YES;
				CLANG_WARN_OBJC_ROOT_CLASS = YES_ERROR;
				CLANG_WARN_QUOTED_INCLUDE_IN_FRAMEWORK_HEADER = YES;
				CLANG_WARN_RANGE_LOOP_ANALYSIS = YES;
				CLANG_WARN_STRICT_PROTOTYPES = YES;
				CLANG_WARN_SUSPICIOUS_MOVE = YES;
				CLANG_WARN_UNGUARDED_AVAILABILITY = YES_AGGRESSIVE;
				CLANG_WARN_UNREACHABLE_CODE = YES;
				CLANG_WARN__DUPLICATE_METHOD_MATCH = YES;
				COPY_PHASE_STRIP = NO;
				DEAD_CODE_STRIPPING = YES;
				DEBUG_INFORMATION_FORMAT = dwarf;
				DEVELOPMENT_TEAM = RHRJ88BAB5;
				ENABLE_STRICT_OBJC_MSGSEND = YES;
				ENABLE_TESTABILITY = YES;
				ENABLE_USER_SCRIPT_SANDBOXING = YES;
				GCC_C_LANGUAGE_STANDARD = gnu17;
				GCC_DYNAMIC_NO_PIC = NO;
				GCC_NO_COMMON_BLOCKS = YES;
				GCC_OPTIMIZATION_LEVEL = 0;
				GCC_PREPROCESSOR_DEFINITIONS = (
					"DEBUG=1",
					"$(inherited)",
				);
				GCC_WARN_64_TO_32_BIT_CONVERSION = YES;
				GCC_WARN_ABOUT_RETURN_TYPE = YES_ERROR;
				GCC_WARN_UNDECLARED_SELECTOR = YES;
				GCC_WARN_UNINITIALIZED_AUTOS = YES_AGGRESSIVE;
				GCC_WARN_UNUSED_FUNCTION = YES;
				GCC_WARN_UNUSED_VARIABLE = YES;
				IPHONEOS_DEPLOYMENT_TARGET = 18.0;
				LOCALIZATION_PREFERS_STRING_CATALOGS = YES;
				MACOSX_DEPLOYMENT_TARGET = 15.0;
				MTL_ENABLE_DEBUG_INFO = INCLUDE_SOURCE;
				MTL_FAST_MATH = YES;
				ONLY_ACTIVE_ARCH = YES;
				SDKROOT = macosx15.5;
				SWIFT_ACTIVE_COMPILATION_CONDITIONS = "DEBUG $(inherited)";
				SWIFT_OPTIMIZATION_LEVEL = "-Onone";
				SWIFT_VERSION = 6.0;
				TVOS_DEPLOYMENT_TARGET = 17.6;
				XROS_DEPLOYMENT_TARGET = 2.0;
			};
			name = Debug;
		};
		83BFDECA2DB6C0CC00968619 /* Release */ = {
			isa = XCBuildConfiguration;
			buildSettings = {
				ALWAYS_SEARCH_USER_PATHS = NO;
				ASSETCATALOG_COMPILER_GENERATE_SWIFT_ASSET_SYMBOL_EXTENSIONS = YES;
				CLANG_ANALYZER_NONNULL = YES;
				CLANG_ANALYZER_NUMBER_OBJECT_CONVERSION = YES_AGGRESSIVE;
				CLANG_CXX_LANGUAGE_STANDARD = "gnu++20";
				CLANG_ENABLE_MODULES = YES;
				CLANG_ENABLE_OBJC_ARC = YES;
				CLANG_ENABLE_OBJC_WEAK = YES;
				CLANG_WARN_BLOCK_CAPTURE_AUTORELEASING = YES;
				CLANG_WARN_BOOL_CONVERSION = YES;
				CLANG_WARN_COMMA = YES;
				CLANG_WARN_CONSTANT_CONVERSION = YES;
				CLANG_WARN_DEPRECATED_OBJC_IMPLEMENTATIONS = YES;
				CLANG_WARN_DIRECT_OBJC_ISA_USAGE = YES_ERROR;
				CLANG_WARN_DOCUMENTATION_COMMENTS = YES;
				CLANG_WARN_EMPTY_BODY = YES;
				CLANG_WARN_ENUM_CONVERSION = YES;
				CLANG_WARN_INFINITE_RECURSION = YES;
				CLANG_WARN_INT_CONVERSION = YES;
				CLANG_WARN_NON_LITERAL_NULL_CONVERSION = YES;
				CLANG_WARN_OBJC_IMPLICIT_RETAIN_SELF = YES;
				CLANG_WARN_OBJC_LITERAL_CONVERSION = YES;
				CLANG_WARN_OBJC_ROOT_CLASS = YES_ERROR;
				CLANG_WARN_QUOTED_INCLUDE_IN_FRAMEWORK_HEADER = YES;
				CLANG_WARN_RANGE_LOOP_ANALYSIS = YES;
				CLANG_WARN_STRICT_PROTOTYPES = YES;
				CLANG_WARN_SUSPICIOUS_MOVE = YES;
				CLANG_WARN_UNGUARDED_AVAILABILITY = YES_AGGRESSIVE;
				CLANG_WARN_UNREACHABLE_CODE = YES;
				CLANG_WARN__DUPLICATE_METHOD_MATCH = YES;
				COPY_PHASE_STRIP = NO;
				DEAD_CODE_STRIPPING = YES;
				DEBUG_INFORMATION_FORMAT = "dwarf-with-dsym";
				DEVELOPMENT_TEAM = RHRJ88BAB5;
				ENABLE_NS_ASSERTIONS = NO;
				ENABLE_STRICT_OBJC_MSGSEND = YES;
				ENABLE_USER_SCRIPT_SANDBOXING = YES;
				GCC_C_LANGUAGE_STANDARD = gnu17;
				GCC_NO_COMMON_BLOCKS = YES;
				GCC_WARN_64_TO_32_BIT_CONVERSION = YES;
				GCC_WARN_ABOUT_RETURN_TYPE = YES_ERROR;
				GCC_WARN_UNDECLARED_SELECTOR = YES;
				GCC_WARN_UNINITIALIZED_AUTOS = YES_AGGRESSIVE;
				GCC_WARN_UNUSED_FUNCTION = YES;
				GCC_WARN_UNUSED_VARIABLE = YES;
				IPHONEOS_DEPLOYMENT_TARGET = 18.0;
				LOCALIZATION_PREFERS_STRING_CATALOGS = YES;
				MACOSX_DEPLOYMENT_TARGET = 15.0;
				MTL_ENABLE_DEBUG_INFO = NO;
				MTL_FAST_MATH = YES;
				SDKROOT = macosx15.5;
				SWIFT_COMPILATION_MODE = wholemodule;
				SWIFT_VERSION = 6.0;
				TVOS_DEPLOYMENT_TARGET = 17.6;
				XROS_DEPLOYMENT_TARGET = 2.0;
			};
			name = Release;
		};
		83BFDEDC2DB6C0EB00968619 /* Debug */ = {
			isa = XCBuildConfiguration;
			buildSettings = {
				ASSETCATALOG_COMPILER_APPICON_NAME = AppIcon;
				ASSETCATALOG_COMPILER_GLOBAL_ACCENT_COLOR_NAME = AccentColor;
				CODE_SIGN_STYLE = Automatic;
				CURRENT_PROJECT_VERSION = 1;
				DEAD_CODE_STRIPPING = YES;
				DEVELOPMENT_TEAM = RHRJ88BAB5;
				ENABLE_HARDENED_RUNTIME = NO;
				ENABLE_PREVIEWS = YES;
				GENERATE_INFOPLIST_FILE = YES;
				"INFOPLIST_KEY_UIApplicationSceneManifest_Generation[sdk=iphoneos*]" = YES;
				"INFOPLIST_KEY_UIApplicationSceneManifest_Generation[sdk=iphonesimulator*]" = YES;
				"INFOPLIST_KEY_UIApplicationSupportsIndirectInputEvents[sdk=iphoneos*]" = YES;
				"INFOPLIST_KEY_UIApplicationSupportsIndirectInputEvents[sdk=iphonesimulator*]" = YES;
				"INFOPLIST_KEY_UILaunchScreen_Generation[sdk=iphoneos*]" = YES;
				"INFOPLIST_KEY_UILaunchScreen_Generation[sdk=iphonesimulator*]" = YES;
				"INFOPLIST_KEY_UIStatusBarStyle[sdk=iphoneos*]" = UIStatusBarStyleDefault;
				"INFOPLIST_KEY_UIStatusBarStyle[sdk=iphonesimulator*]" = UIStatusBarStyleDefault;
				INFOPLIST_KEY_UISupportedInterfaceOrientations_iPad = "UIInterfaceOrientationPortrait UIInterfaceOrientationPortraitUpsideDown UIInterfaceOrientationLandscapeLeft UIInterfaceOrientationLandscapeRight";
				INFOPLIST_KEY_UISupportedInterfaceOrientations_iPhone = "UIInterfaceOrientationPortrait UIInterfaceOrientationLandscapeLeft UIInterfaceOrientationLandscapeRight";
				LD_RUNPATH_SEARCH_PATHS = "@executable_path/Frameworks";
				"LD_RUNPATH_SEARCH_PATHS[sdk=macosx*]" = "@executable_path/../Frameworks";
				MARKETING_VERSION = 1.0;
				PRODUCT_BUNDLE_IDENTIFIER = com.metalbyexample.Demo1;
				PRODUCT_NAME = "$(TARGET_NAME)";
				REGISTER_APP_GROUPS = YES;
				SDKROOT = auto;
				SUPPORTED_PLATFORMS = "iphoneos iphonesimulator macosx xros xrsimulator";
				SWIFT_EMIT_LOC_STRINGS = YES;
				SWIFT_VERSION = 5.0;
				TARGETED_DEVICE_FAMILY = "1,2,7";
			};
			name = Debug;
		};
		83BFDEDD2DB6C0EB00968619 /* Release */ = {
			isa = XCBuildConfiguration;
			buildSettings = {
				ASSETCATALOG_COMPILER_APPICON_NAME = AppIcon;
				ASSETCATALOG_COMPILER_GLOBAL_ACCENT_COLOR_NAME = AccentColor;
				CODE_SIGN_STYLE = Automatic;
				CURRENT_PROJECT_VERSION = 1;
				DEAD_CODE_STRIPPING = YES;
				DEVELOPMENT_TEAM = RHRJ88BAB5;
				ENABLE_HARDENED_RUNTIME = NO;
				ENABLE_PREVIEWS = YES;
				GENERATE_INFOPLIST_FILE = YES;
				"INFOPLIST_KEY_UIApplicationSceneManifest_Generation[sdk=iphoneos*]" = YES;
				"INFOPLIST_KEY_UIApplicationSceneManifest_Generation[sdk=iphonesimulator*]" = YES;
				"INFOPLIST_KEY_UIApplicationSupportsIndirectInputEvents[sdk=iphoneos*]" = YES;
				"INFOPLIST_KEY_UIApplicationSupportsIndirectInputEvents[sdk=iphonesimulator*]" = YES;
				"INFOPLIST_KEY_UILaunchScreen_Generation[sdk=iphoneos*]" = YES;
				"INFOPLIST_KEY_UILaunchScreen_Generation[sdk=iphonesimulator*]" = YES;
				"INFOPLIST_KEY_UIStatusBarStyle[sdk=iphoneos*]" = UIStatusBarStyleDefault;
				"INFOPLIST_KEY_UIStatusBarStyle[sdk=iphonesimulator*]" = UIStatusBarStyleDefault;
				INFOPLIST_KEY_UISupportedInterfaceOrientations_iPad = "UIInterfaceOrientationPortrait UIInterfaceOrientationPortraitUpsideDown UIInterfaceOrientationLandscapeLeft UIInterfaceOrientationLandscapeRight";
				INFOPLIST_KEY_UISupportedInterfaceOrientations_iPhone = "UIInterfaceOrientationPortrait UIInterfaceOrientationLandscapeLeft UIInterfaceOrientationLandscapeRight";
				LD_RUNPATH_SEARCH_PATHS = "@executable_path/Frameworks";
				"LD_RUNPATH_SEARCH_PATHS[sdk=macosx*]" = "@executable_path/../Frameworks";
				MARKETING_VERSION = 1.0;
				PRODUCT_BUNDLE_IDENTIFIER = com.metalbyexample.Demo1;
				PRODUCT_NAME = "$(TARGET_NAME)";
				REGISTER_APP_GROUPS = YES;
				SDKROOT = auto;
				SUPPORTED_PLATFORMS = "iphoneos iphonesimulator macosx xros xrsimulator";
				SWIFT_EMIT_LOC_STRINGS = YES;
				SWIFT_VERSION = 5.0;
				TARGETED_DEVICE_FAMILY = "1,2,7";
			};
			name = Release;
		};
		83BFDEEC2DB6C51300968619 /* Debug */ = {
			isa = XCBuildConfiguration;
			buildSettings = {
				ASSETCATALOG_COMPILER_APPICON_NAME = AppIcon;
				ASSETCATALOG_COMPILER_GLOBAL_ACCENT_COLOR_NAME = AccentColor;
				CODE_SIGN_STYLE = Automatic;
				CURRENT_PROJECT_VERSION = 1;
				DEAD_CODE_STRIPPING = YES;
				DEVELOPMENT_TEAM = RHRJ88BAB5;
				ENABLE_HARDENED_RUNTIME = YES;
				ENABLE_PREVIEWS = YES;
				GENERATE_INFOPLIST_FILE = YES;
				"INFOPLIST_KEY_UIApplicationSceneManifest_Generation[sdk=iphoneos*]" = YES;
				"INFOPLIST_KEY_UIApplicationSceneManifest_Generation[sdk=iphonesimulator*]" = YES;
				"INFOPLIST_KEY_UIApplicationSupportsIndirectInputEvents[sdk=iphoneos*]" = YES;
				"INFOPLIST_KEY_UIApplicationSupportsIndirectInputEvents[sdk=iphonesimulator*]" = YES;
				"INFOPLIST_KEY_UILaunchScreen_Generation[sdk=iphoneos*]" = YES;
				"INFOPLIST_KEY_UILaunchScreen_Generation[sdk=iphonesimulator*]" = YES;
				"INFOPLIST_KEY_UIStatusBarStyle[sdk=iphoneos*]" = UIStatusBarStyleDefault;
				"INFOPLIST_KEY_UIStatusBarStyle[sdk=iphonesimulator*]" = UIStatusBarStyleDefault;
				INFOPLIST_KEY_UISupportedInterfaceOrientations_iPad = "UIInterfaceOrientationPortrait UIInterfaceOrientationPortraitUpsideDown UIInterfaceOrientationLandscapeLeft UIInterfaceOrientationLandscapeRight";
				INFOPLIST_KEY_UISupportedInterfaceOrientations_iPhone = "UIInterfaceOrientationPortrait UIInterfaceOrientationLandscapeLeft UIInterfaceOrientationLandscapeRight";
				LD_RUNPATH_SEARCH_PATHS = "@executable_path/Frameworks";
				"LD_RUNPATH_SEARCH_PATHS[sdk=macosx*]" = "@executable_path/../Frameworks";
				MARKETING_VERSION = 1.0;
				PRODUCT_BUNDLE_IDENTIFIER = com.metalbyexample.HelloTriangle;
				PRODUCT_NAME = "$(TARGET_NAME)";
				REGISTER_APP_GROUPS = YES;
				SDKROOT = auto;
				SUPPORTED_PLATFORMS = "iphoneos iphonesimulator macosx xros xrsimulator";
				SWIFT_EMIT_LOC_STRINGS = YES;
				SWIFT_VERSION = 5.0;
				TARGETED_DEVICE_FAMILY = "1,2,7";
			};
			name = Debug;
		};
		83BFDEED2DB6C51300968619 /* Release */ = {
			isa = XCBuildConfiguration;
			buildSettings = {
				ASSETCATALOG_COMPILER_APPICON_NAME = AppIcon;
				ASSETCATALOG_COMPILER_GLOBAL_ACCENT_COLOR_NAME = AccentColor;
				CODE_SIGN_STYLE = Automatic;
				CURRENT_PROJECT_VERSION = 1;
				DEAD_CODE_STRIPPING = YES;
				DEVELOPMENT_TEAM = RHRJ88BAB5;
				ENABLE_HARDENED_RUNTIME = YES;
				ENABLE_PREVIEWS = YES;
				GENERATE_INFOPLIST_FILE = YES;
				"INFOPLIST_KEY_UIApplicationSceneManifest_Generation[sdk=iphoneos*]" = YES;
				"INFOPLIST_KEY_UIApplicationSceneManifest_Generation[sdk=iphonesimulator*]" = YES;
				"INFOPLIST_KEY_UIApplicationSupportsIndirectInputEvents[sdk=iphoneos*]" = YES;
				"INFOPLIST_KEY_UIApplicationSupportsIndirectInputEvents[sdk=iphonesimulator*]" = YES;
				"INFOPLIST_KEY_UILaunchScreen_Generation[sdk=iphoneos*]" = YES;
				"INFOPLIST_KEY_UILaunchScreen_Generation[sdk=iphonesimulator*]" = YES;
				"INFOPLIST_KEY_UIStatusBarStyle[sdk=iphoneos*]" = UIStatusBarStyleDefault;
				"INFOPLIST_KEY_UIStatusBarStyle[sdk=iphonesimulator*]" = UIStatusBarStyleDefault;
				INFOPLIST_KEY_UISupportedInterfaceOrientations_iPad = "UIInterfaceOrientationPortrait UIInterfaceOrientationPortraitUpsideDown UIInterfaceOrientationLandscapeLeft UIInterfaceOrientationLandscapeRight";
				INFOPLIST_KEY_UISupportedInterfaceOrientations_iPhone = "UIInterfaceOrientationPortrait UIInterfaceOrientationLandscapeLeft UIInterfaceOrientationLandscapeRight";
				LD_RUNPATH_SEARCH_PATHS = "@executable_path/Frameworks";
				"LD_RUNPATH_SEARCH_PATHS[sdk=macosx*]" = "@executable_path/../Frameworks";
				MARKETING_VERSION = 1.0;
				PRODUCT_BUNDLE_IDENTIFIER = com.metalbyexample.HelloTriangle;
				PRODUCT_NAME = "$(TARGET_NAME)";
				REGISTER_APP_GROUPS = YES;
				SDKROOT = auto;
				SUPPORTED_PLATFORMS = "iphoneos iphonesimulator macosx xros xrsimulator";
				SWIFT_EMIT_LOC_STRINGS = YES;
				SWIFT_VERSION = 5.0;
				TARGETED_DEVICE_FAMILY = "1,2,7";
			};
			name = Release;
		};
/* End XCBuildConfiguration section */

/* Begin XCConfigurationList section */
		833BCA8B2DB7601A00CFC0F3 /* Build configuration list for PBXNativeTarget "Hello3D" */ = {
			isa = XCConfigurationList;
			buildConfigurations = (
				833BCA8C2DB7601A00CFC0F3 /* Debug */,
				833BCA8D2DB7601A00CFC0F3 /* Release */,
			);
			defaultConfigurationIsVisible = 0;
			defaultConfigurationName = Release;
		};
		8391271F2DDBC842004FB417 /* Build configuration list for PBXNativeTarget "Lighting" */ = {
			isa = XCConfigurationList;
			buildConfigurations = (
				8391271D2DDBC842004FB417 /* Debug */,
				8391271E2DDBC842004FB417 /* Release */,
			);
			defaultConfigurationIsVisible = 0;
			defaultConfigurationName = Release;
		};
		83BFDEBA2DB6C0CB00968619 /* Build configuration list for PBXProject "MetalFundamentals" */ = {
			isa = XCConfigurationList;
			buildConfigurations = (
				83BFDEC92DB6C0CC00968619 /* Debug */,
				83BFDECA2DB6C0CC00968619 /* Release */,
			);
			defaultConfigurationIsVisible = 0;
			defaultConfigurationName = Release;
		};
		83BFDEDB2DB6C0EB00968619 /* Build configuration list for PBXNativeTarget "ClearScreen" */ = {
			isa = XCConfigurationList;
			buildConfigurations = (
				83BFDEDC2DB6C0EB00968619 /* Debug */,
				83BFDEDD2DB6C0EB00968619 /* Release */,
			);
			defaultConfigurationIsVisible = 0;
			defaultConfigurationName = Release;
		};
		83BFDEEB2DB6C51300968619 /* Build configuration list for PBXNativeTarget "HelloTriangle" */ = {
			isa = XCConfigurationList;
			buildConfigurations = (
				83BFDEEC2DB6C51300968619 /* Debug */,
				83BFDEED2DB6C51300968619 /* Release */,
			);
			defaultConfigurationIsVisible = 0;
			defaultConfigurationName = Release;
		};
/* End XCConfigurationList section */
	};
	rootObject = 83BFDEB72DB6C0CB00968619 /* Project object */;
}
